
Microsoft Visual Studio Solution File, Format Version 12.00
# Visual Studio Version 17
VisualStudioVersion = 17.8.34330.188
MinimumVisualStudioVersion = 10.0.40219.1
Project("{FAE04EC0-301F-11D3-BF4B-00C04F79EFBC}") = "LinkedList", "LinkedList.csproj", "{A0513BD3-09CC-483B-A145-840DAACAA917}"
EndProject
Global
	GlobalSection(SolutionConfigurationPlatforms) = preSolution
		Debug|Any CPU = Debug|Any CPU
		Release|Any CPU = Release|Any CPU
	EndGlobalSection
	GlobalSection(ProjectConfigurationPlatforms) = postSolution
		{A0513BD3-09CC-483B-A145-840DAACAA917}.Debug|Any CPU.ActiveCfg = Debug|Any CPU
		{A0513BD3-09CC-483B-A145-840DAACAA917}.Debug|Any CPU.Build.0 = Debug|Any CPU
		{A0513BD3-09CC-483B-A145-840DAACAA917}.Release|Any CPU.ActiveCfg = Release|Any CPU
		{A0513BD3-09CC-483B-A145-840DAACAA917}.Release|Any CPU.Build.0 = Release|Any CPU
	EndGlobalSection
	GlobalSection(SolutionProperties) = preSolution
		HideSolutionNode = FALSE
	EndGlobalSection
	GlobalSection(ExtensibilityGlobals) = postSolution
		SolutionGuid = {CE2D4737-0AC1-446A-BFF7-773B336D3503}
	EndGlobalSection
EndGlobal
